PODS:
  - Alamofire (4.8.1)
  - Kingfisher (5.1.0)
  - NMapsMap (3.1.0)

DEPENDENCIES:
  - Alamofire
  - Kingfisher
  - NMapsMap

SPEC REPOS:
  https://github.com/cocoapods/specs.git:
    - Alamofire
    - Kingfisher
    - NMapsMap

SPEC CHECKSUMS:
  Alamofire: 16ce2c353fb72865124ddae8a57c5942388f4f11
  Kingfisher: fcec238063d17404fca89bf0a850583211c4cbf6
  NMapsMap: 8a23071ddd7b35b29b2fd9e5672ef20c1cb95547

PODFILE CHECKSUM: 830f6f5c4ed2f7d04c7812e8d072dd16e747fdcf

COCOAPODS: 1.5.3
